
Microsoft Visual Studio Solution File, Format Version 12.00
# Visual Studio 14
VisualStudioVersion = 14.0.25420.1
MinimumVisualStudioVersion = 10.0.40219.1
Project("{FAE04EC0-301F-11D3-BF4B-00C04F79EFBC}") = "StandardQueue", "Rabbitmq\StandardQueue.csproj", "{722200E6-C46C-4F59-AE42-8FFB0CCC6078}"
EndProject
Project("{FAE04EC0-301F-11D3-BF4B-00C04F79EFBC}") = "Common", "Common\Common.csproj", "{001F4196-4579-4AF7-AB11-F0769588295E}"
EndProject
Project("{FAE04EC0-301F-11D3-BF4B-00C04F79EFBC}") = "WorkerQueue_Producer", "WorkerQueue\WorkerQueue_Producer.csproj", "{65D58708-036B-40B3-8FD1-C81114FD7091}"
EndProject
Project("{FAE04EC0-301F-11D3-BF4B-00C04F79EFBC}") = "WorkerQueue_Consumer", "WorkerQueue_Consumer\WorkerQueue_Consumer.csproj", "{6F479127-8671-4156-A54C-D06DE916C07B}"
EndProject
Global
	GlobalSection(SolutionConfigurationPlatforms) = preSolution
		Debug|Any CPU = Debug|Any CPU
		Release|Any CPU = Release|Any CPU
	EndGlobalSection
	GlobalSection(ProjectConfigurationPlatforms) = postSolution
		{722200E6-C46C-4F59-AE42-8FFB0CCC6078}.Debug|Any CPU.ActiveCfg = Debug|Any CPU
		{722200E6-C46C-4F59-AE42-8FFB0CCC6078}.Debug|Any CPU.Build.0 = Debug|Any CPU
		{722200E6-C46C-4F59-AE42-8FFB0CCC6078}.Release|Any CPU.ActiveCfg = Release|Any CPU
		{722200E6-C46C-4F59-AE42-8FFB0CCC6078}.Release|Any CPU.Build.0 = Release|Any CPU
		{001F4196-4579-4AF7-AB11-F0769588295E}.Debug|Any CPU.ActiveCfg = Debug|Any CPU
		{001F4196-4579-4AF7-AB11-F0769588295E}.Debug|Any CPU.Build.0 = Debug|Any CPU
		{001F4196-4579-4AF7-AB11-F0769588295E}.Release|Any CPU.ActiveCfg = Release|Any CPU
		{001F4196-4579-4AF7-AB11-F0769588295E}.Release|Any CPU.Build.0 = Release|Any CPU
		{65D58708-036B-40B3-8FD1-C81114FD7091}.Debug|Any CPU.ActiveCfg = Debug|Any CPU
		{65D58708-036B-40B3-8FD1-C81114FD7091}.Debug|Any CPU.Build.0 = Debug|Any CPU
		{65D58708-036B-40B3-8FD1-C81114FD7091}.Release|Any CPU.ActiveCfg = Release|Any CPU
		{65D58708-036B-40B3-8FD1-C81114FD7091}.Release|Any CPU.Build.0 = Release|Any CPU
		{6F479127-8671-4156-A54C-D06DE916C07B}.Debug|Any CPU.ActiveCfg = Debug|Any CPU
		{6F479127-8671-4156-A54C-D06DE916C07B}.Debug|Any CPU.Build.0 = Debug|Any CPU
		{6F479127-8671-4156-A54C-D06DE916C07B}.Release|Any CPU.ActiveCfg = Release|Any CPU
		{6F479127-8671-4156-A54C-D06DE916C07B}.Release|Any CPU.Build.0 = Release|Any CPU
	EndGlobalSection
	GlobalSection(SolutionProperties) = preSolution
		HideSolutionNode = FALSE
	EndGlobalSection
EndGlobal
